
Microsoft Visual Studio Solution File, Format Version 12.00
# Visual Studio 15
VisualStudioVersion = 15.0.28010.2048
MinimumVisualStudioVersion = 10.0.40219.1
Project("{FAE04EC0-301F-11D3-BF4B-00C04F79EFBC}") = "RunpathCodingTest", "RunpathCodingTest\RunpathCodingTest.csproj", "{488479D5-59F7-4667-A167-25A458C06DAD}"
EndProject
Project("{FAE04EC0-301F-11D3-BF4B-00C04F79EFBC}") = "RunpathCodingTest.UnitTest", "RunpathCodingTest.UnitTests\RunpathCodingTest.UnitTest.csproj", "{30DF3B2E-85B7-41A2-B7AB-2DAF17BED6C5}"
EndProject
Global
	GlobalSection(SolutionConfigurationPlatforms) = preSolution
		Debug|Any CPU = Debug|Any CPU
		Release|Any CPU = Release|Any CPU
	EndGlobalSection
	GlobalSection(ProjectConfigurationPlatforms) = postSolution
		{488479D5-59F7-4667-A167-25A458C06DAD}.Debug|Any CPU.ActiveCfg = Debug|Any CPU
		{488479D5-59F7-4667-A167-25A458C06DAD}.Debug|Any CPU.Build.0 = Debug|Any CPU
		{488479D5-59F7-4667-A167-25A458C06DAD}.Release|Any CPU.ActiveCfg = Release|Any CPU
		{488479D5-59F7-4667-A167-25A458C06DAD}.Release|Any CPU.Build.0 = Release|Any CPU
		{30DF3B2E-85B7-41A2-B7AB-2DAF17BED6C5}.Debug|Any CPU.ActiveCfg = Debug|Any CPU
		{30DF3B2E-85B7-41A2-B7AB-2DAF17BED6C5}.Debug|Any CPU.Build.0 = Debug|Any CPU
		{30DF3B2E-85B7-41A2-B7AB-2DAF17BED6C5}.Release|Any CPU.ActiveCfg = Release|Any CPU
		{30DF3B2E-85B7-41A2-B7AB-2DAF17BED6C5}.Release|Any CPU.Build.0 = Release|Any CPU
	EndGlobalSection
	GlobalSection(SolutionProperties) = preSolution
		HideSolutionNode = FALSE
	EndGlobalSection
	GlobalSection(ExtensibilityGlobals) = postSolution
		SolutionGuid = {233E2EF1-EE46-48DB-8D60-2CC731013FD3}
	EndGlobalSection
EndGlobal
